
Microsoft Visual Studio Solution File, Format Version 12.00
# Visual Studio 2013
VisualStudioVersion = 12.0.21005.1
MinimumVisualStudioVersion = 10.0.40219.1
Project("{FAE04EC0-301F-11D3-BF4B-00C04F79EFBC}") = "Курсовой проект Жилманов В.Ю. 3-Des", "Курсовой проект Жилманов В.Ю. 3-Des\Курсовой проект Жилманов В.Ю. 3-Des.csproj", "{D0C558D0-B01C-476C-BCE9-4771CF7EBCEE}"
EndProject
Global
	GlobalSection(SolutionConfigurationPlatforms) = preSolution
		Debug|Any CPU = Debug|Any CPU
		Release|Any CPU = Release|Any CPU
	EndGlobalSection
	GlobalSection(ProjectConfigurationPlatforms) = postSolution
		{D0C558D0-B01C-476C-BCE9-4771CF7EBCEE}.Debug|Any CPU.ActiveCfg = Debug|Any CPU
		{D0C558D0-B01C-476C-BCE9-4771CF7EBCEE}.Debug|Any CPU.Build.0 = Debug|Any CPU
		{D0C558D0-B01C-476C-BCE9-4771CF7EBCEE}.Release|Any CPU.ActiveCfg = Release|Any CPU
		{D0C558D0-B01C-476C-BCE9-4771CF7EBCEE}.Release|Any CPU.Build.0 = Release|Any CPU
	EndGlobalSection
	GlobalSection(SolutionProperties) = preSolution
		HideSolutionNode = FALSE
	EndGlobalSection
EndGlobal
